
Microsoft Visual Studio Solution File, Format Version 12.00
# Visual Studio 15
VisualStudioVersion = 15.0.27428.2002
MinimumVisualStudioVersion = 10.0.40219.1
Project("{FAE04EC0-301F-11D3-BF4B-00C04F79EFBC}") = "TestMakerFreeWebApp", "TestMakerFreeWebApp\TestMakerFreeWebApp.csproj", "{05DB881D-2790-4EB7-B899-EE65A57B9064}"
EndProject
Global
	GlobalSection(SolutionConfigurationPlatforms) = preSolution
		Debug|Any CPU = Debug|Any CPU
		Release|Any CPU = Release|Any CPU
	EndGlobalSection
	GlobalSection(ProjectConfigurationPlatforms) = postSolution
		{05DB881D-2790-4EB7-B899-EE65A57B9064}.Debug|Any CPU.ActiveCfg = Debug|Any CPU
		{05DB881D-2790-4EB7-B899-EE65A57B9064}.Debug|Any CPU.Build.0 = Debug|Any CPU
		{05DB881D-2790-4EB7-B899-EE65A57B9064}.Release|Any CPU.ActiveCfg = Release|Any CPU
		{05DB881D-2790-4EB7-B899-EE65A57B9064}.Release|Any CPU.Build.0 = Release|Any CPU
	EndGlobalSection
	GlobalSection(SolutionProperties) = preSolution
		HideSolutionNode = FALSE
	EndGlobalSection
	GlobalSection(ExtensibilityGlobals) = postSolution
		SolutionGuid = {1DCA4E7F-5755-4C73-97FF-514FAB06FB41}
	EndGlobalSection
EndGlobal
